<Solution>
  <Folder Name="/.claude/">
    <File Path=".claude\settings.json" />
    <File Path="CLAUDE.md" />
  </Folder>
  <Folder Name="/.github/">
    <File Path=".github\workflows\dotnet.yml" />
    <File Path=".github\FUNDING.yml" />
    <File Path=".github\copilot-instructions.md" />
    <File Path=".github\workflows\claude-code-review.yml" />
    <File Path=".github\workflows\claude.yml" />
  </Folder>
  <Folder Name="/.solutions/">
    <File Path="build.ps1" />
    <File Path="Directory.Build.props" />
    <File Path="Directory.Build.targets" />
    <File Path="Directory.Packages.props" />
    <File Path="LICENSE" />
    <File Path="README.md" />
    <File Path="sign.ps1" />
    <File Path="SonarQube.Analysis.xml" />
    <File Path="Version.ps1" />
    <File Path=".editorconfig" />
    <File Path=".gitignore" />
  </Folder>
  <Folder Name="/Engine/">
    <Project Path="Engine\src\Console\Wangkanai.Planet.Engine.Console.csproj" Type="Classic C#" />
    <Project Path="Engine\src\Domain\Wangkanai.Planet.Engine.Domain.csproj" Type="Classic C#" />
    <File Path="Engine\Directory.Build.props" />
    <File Path="Engine\README.md" />
  </Folder>
  <Folder Name="/Engine/tests/">
    <Project Path="Engine\tests\Wangkanai.Planet.Engine.Tests.csproj" Type="Classic C#" />
  </Folder>
  <Folder Name="/Extensions/">
    <File Path="Extensions\Directory.Build.props" />
    <File Path="Extensions\README.md" />
  </Folder>
  <Folder Name="/Extensions/Datastore/">
    <Project Path="Extensions\Datastore\src\Wangkanai.Planet.Extensions.Datastore.csproj" Type="Classic C#" />
  </Folder>
  <Folder Name="/Extensions/Datastore/tests/">
    <Project Path="Extensions\Datastore\tests\Wangkanai.Planet.Extensions.Datastore.Tests.csproj" Type="Classic C#" />
  </Folder>
  <Folder Name="/Graphics/">
    <Project Path="Graphics\Abstractions\src\Wangkanai.Graphics.Abstractions.csproj" Type="Classic C#" />
    <Project Path="Graphics\benchmark\Wangkanai.Graphics.Benchmark.csproj" Type="Classic C#" />
    <File Path="Graphics\Directory.Build.props" />
    <File Path="Graphics\README.md" />
  </Folder>
  <Folder Name="/Graphics/.tests/">
    <Project Path="Graphics\tests\Unit\Wangkanai.Graphics.UnitTests.csproj" Type="Classic C#" />
  </Folder>
  <Folder Name="/Graphics/Rasters/">
    <Project Path="Graphics\Rasters\src\Root\Wangkanai.Graphics.Rasters.csproj" Type="Classic C#" />
    <File Path="Graphics\Rasters\README.md" />
  </Folder>
  <Folder Name="/Graphics/Rasters/benchmark/">
    <Project Path="Graphics\Rasters\benchmark\Wangkanai.Graphics.Rasters.Benchmark.csproj" Type="Classic C#" />
  </Folder>
  <Folder Name="/Graphics/Rasters/tests/">
    <Project Path="Graphics\Rasters\tests\Unit\Wangkanai.Graphics.Rasters.UnitTests.csproj" Type="Classic C#" />
  </Folder>
  <Folder Name="/Graphics/Vectors/">
    <Project Path="Graphics\Vectors\src\Root\Wangkanai.Graphics.Vectors.csproj" Type="Classic C#" />
    <File Path="Graphics\Vectors\README.md" />
  </Folder>
  <Folder Name="/Graphics/Vectors/benchmark/">
    <Project Path="Graphics\Vectors\benchmark\Wangkanai.Graphics.Vectors.Benchmark.csproj" Type="Classic C#" />
  </Folder>
  <Folder Name="/Graphics/Vectors/tests/">
    <Project Path="Graphics\Vectors\tests\Unit\Wangkanai.Graphics.Vectors.UnitTests.csproj" Type="Classic C#" />
  </Folder>
  <Folder Name="/Portal/">
    <Project Path="Portal\src\Application\Wangkanai.Planet.Portal.Application.csproj" Type="Classic C#" />
    <Project Path="Portal\src\Client\Wangkanai.Planet.Portal.Client.csproj" Type="Classic C#" />
    <Project Path="Portal\src\Domain\Wangkanai.Planet.Portal.Domain.csproj" Type="Classic C#" />
    <Project Path="Portal\src\Infrastructure\Wangkanai.Planet.Portal.Infrastructure.csproj" Type="Classic C#" />
    <Project Path="Portal\src\Persistence\Wangkanai.Planet.Portal.Persistence.csproj" Type="Classic C#" />
    <Project Path="Portal\src\Server\Wangkanai.Planet.Portal.csproj" Type="Classic C#" />
    <File Path="Portal\Directory.Build.props" />
    <File Path="Portal\db.ps1" />
    <File Path="Portal\README.md" />
  </Folder>
  <Folder Name="/Portal/tests/">
    <Project Path="Portal\tests\Wangkanai.Planet.Portal.Tests.csproj" Type="Classic C#" />
  </Folder>
  <Folder Name="/Protocols/">
    <Project Path="Protocols\src\Root\Wangkanai.Planet.Protocols.csproj" Type="Classic C#" />
    <File Path="Protocols\Directory.Build.props" />
    <File Path="Protocols\README.md" />
  </Folder>
  <Folder Name="/Protocols/tests/">
    <Project Path="Protocols\tests\Wangkanai.Planet.Protocols.Tests.csproj" Type="Classic C#" />
  </Folder>
  <Folder Name="/Providers/">
    <Project Path="Providers\src\Root\Wangkanai.Planet.Providers.csproj" Type="Classic C#" />
    <File Path="Providers\Directory.Build.props" />
    <File Path="Providers\README.md" />
  </Folder>
  <Folder Name="/Providers/tests/">
    <Project Path="Providers\tests\Unit\Wangkanai.Planet.Providers.UnitTests.csproj" Type="Classic C#" />
  </Folder>
  <Folder Name="/Spatial/">
    <Project Path="Spatial\src\GeoPackages\Wangkanai.Spatial.GeoPackages.csproj" Type="Classic C#" />
    <Project Path="Spatial\src\GeoTiffs\Wangkanai.Spatial.GeoTiffs.csproj" Type="Classic C#" />
    <Project Path="Spatial\src\MbTiles\Wangkanai.Spatial.MbTiles.csproj" Type="Classic C#" />
    <Project Path="Spatial\src\MtPkgs\Wangkanai.Spatial.MtPkgs.csproj" Type="Classic C#" />
    <Project Path="Spatial\src\Root\Wangkanai.Spatial.csproj" Type="Classic C#" />
    <Project Path="Spatial\src\ShapeFiles\Wangkanai.Spatial.ShapeFiles.csproj" Type="Classic C#" />
    <File Path="Spatial\Directory.Build.props" />
    <File Path="Spatial\README.md" />
  </Folder>
  <Folder Name="/Spatial/tests/">
    <Project Path="Spatial\tests\Wangkanai.Spatial.Tests.csproj" Type="Classic C#" />
  </Folder>
</Solution>